
Microsoft Visual Studio Solution File, Format Version 12.00
# Visual Studio Version 17
VisualStudioVersion = 17.7.34018.315
MinimumVisualStudioVersion = 10.0.40219.1
Project("{FAE04EC0-301F-11D3-BF4B-00C04F79EFBC}") = "The Control Center", "The Control Center\The Control Center.csproj", "{31017440-5BD1-4895-B14F-6CAE4A749230}"
EndProject
Project("{2150E333-8FDC-42A3-9474-1A3956D46DE8}") = "Solution Items", "Solution Items", "{7DF37E77-C794-4844-828C-6FBEDBFE66BF}"
	ProjectSection(SolutionItems) = preProject
		.editorconfig = .editorconfig
	EndProjectSection
EndProject
Global
	GlobalSection(SolutionConfigurationPlatforms) = preSolution
		Debug|Any CPU = Debug|Any CPU
		Release|Any CPU = Release|Any CPU
	EndGlobalSection
	GlobalSection(ProjectConfigurationPlatforms) = postSolution
		{31017440-5BD1-4895-B14F-6CAE4A749230}.Debug|Any CPU.ActiveCfg = Debug|Any CPU
		{31017440-5BD1-4895-B14F-6CAE4A749230}.Debug|Any CPU.Build.0 = Debug|Any CPU
		{31017440-5BD1-4895-B14F-6CAE4A749230}.Release|Any CPU.ActiveCfg = Release|Any CPU
		{31017440-5BD1-4895-B14F-6CAE4A749230}.Release|Any CPU.Build.0 = Release|Any CPU
	EndGlobalSection
	GlobalSection(SolutionProperties) = preSolution
		HideSolutionNode = FALSE
	EndGlobalSection
	GlobalSection(ExtensibilityGlobals) = postSolution
		SolutionGuid = {BCCA8E4E-6FEA-4FB1-BD20-ADB83DEC3170}
	EndGlobalSection
EndGlobal
